
Microsoft Visual Studio Solution File, Format Version 12.00
# Visual Studio Version 16
VisualStudioVersion = 25.0.1700.0
MinimumVisualStudioVersion = 10.0.40219.1
Project("{FAE04EC0-301F-11D3-BF4B-00C04F79EFBC}") = "cb-dotnet-load-test", "cb-dotnet-load-test\cb-dotnet-load-test.csproj", "{D272883D-FEDA-441F-9268-792297509C4D}"
EndProject
Global
	GlobalSection(SolutionConfigurationPlatforms) = preSolution
		Debug|Any CPU = Debug|Any CPU
		Release|Any CPU = Release|Any CPU
	EndGlobalSection
	GlobalSection(ProjectConfigurationPlatforms) = postSolution
		{D272883D-FEDA-441F-9268-792297509C4D}.Debug|Any CPU.ActiveCfg = Debug|Any CPU
		{D272883D-FEDA-441F-9268-792297509C4D}.Debug|Any CPU.Build.0 = Debug|Any CPU
		{D272883D-FEDA-441F-9268-792297509C4D}.Release|Any CPU.ActiveCfg = Release|Any CPU
		{D272883D-FEDA-441F-9268-792297509C4D}.Release|Any CPU.Build.0 = Release|Any CPU
	EndGlobalSection
	GlobalSection(SolutionProperties) = preSolution
		HideSolutionNode = FALSE
	EndGlobalSection
	GlobalSection(ExtensibilityGlobals) = postSolution
		SolutionGuid = {98B67FAD-F130-4E98-9B37-123A40B9A8E0}
	EndGlobalSection
EndGlobal
